// !$*UTF8*$!
{
	archiveVersion = 1;
	classes = {
	};
	objectVersion = 50;
	objects = {

/* Begin PBXBuildFile section */
		3E28239D24ADBE2E0056502E /* DispatchQueue+PKExtensions.swift in Sources */ = {isa = PBXBuildFile; fileRef = 3E28239C24ADBE2E0056502E /* DispatchQueue+PKExtensions.swift */; };
		3E2A476E24A1A4120021F184 /* NextViewController.swift in Sources */ = {isa = PBXBuildFile; fileRef = 3E2A476D24A1A4120021F184 /* NextViewController.swift */; };
		3E2A477024A1E3B70021F184 /* UIView+PKToast.swift in Sources */ = {isa = PBXBuildFile; fileRef = 3E2A476F24A1E3B70021F184 /* UIView+PKToast.swift */; };
		3E2C028224AC0E8900237859 /* MojitoButton.swift in Sources */ = {isa = PBXBuildFile; fileRef = 3E2C028124AC0E8900237859 /* MojitoButton.swift */; };
		3E35ABCA249A0FE700AFCAA3 /* UIColor+PKExtensions.swift in Sources */ = {isa = PBXBuildFile; fileRef = 3E35ABB4249A0FE700AFCAA3 /* UIColor+PKExtensions.swift */; };
		3E35ABCB249A0FE700AFCAA3 /* NSAttributedString+PKExtensionsl.swift in Sources */ = {isa = PBXBuildFile; fileRef = 3E35ABB5249A0FE700AFCAA3 /* NSAttributedString+PKExtensionsl.swift */; };
		3E35ABCC249A0FE700AFCAA3 /* UIButton+PKExtensions.swift in Sources */ = {isa = PBXBuildFile; fileRef = 3E35ABB6249A0FE700AFCAA3 /* UIButton+PKExtensions.swift */; };
		3E35ABCD249A0FE700AFCAA3 /* Date+PKExtensions.swift in Sources */ = {isa = PBXBuildFile; fileRef = 3E35ABB7249A0FE700AFCAA3 /* Date+PKExtensions.swift */; };
		3E35ABCE249A0FE700AFCAA3 /* CGGeometry+PKExtensions.swift in Sources */ = {isa = PBXBuildFile; fileRef = 3E35ABB8249A0FE700AFCAA3 /* CGGeometry+PKExtensions.swift */; };
		3E35ABCF249A0FE700AFCAA3 /* UIView+PKExtensions.swift in Sources */ = {isa = PBXBuildFile; fileRef = 3E35ABB9249A0FE700AFCAA3 /* UIView+PKExtensions.swift */; };
		3E35ABD0249A0FE700AFCAA3 /* UIFont+PKExtensions.swift in Sources */ = {isa = PBXBuildFile; fileRef = 3E35ABBA249A0FE700AFCAA3 /* UIFont+PKExtensions.swift */; };
		3E35ABD1249A0FE700AFCAA3 /* UIViewController+PKExtensions.swift in Sources */ = {isa = PBXBuildFile; fileRef = 3E35ABBB249A0FE700AFCAA3 /* UIViewController+PKExtensions.swift */; };
		3E35ABD2249A0FE700AFCAA3 /* UIBarButtonItem+PKExtensions.swift in Sources */ = {isa = PBXBuildFile; fileRef = 3E35ABBC249A0FE700AFCAA3 /* UIBarButtonItem+PKExtensions.swift */; };
		3E35ABD3249A0FE700AFCAA3 /* Timer+PKExtensions.swift in Sources */ = {isa = PBXBuildFile; fileRef = 3E35ABBD249A0FE700AFCAA3 /* Timer+PKExtensions.swift */; };
		3E35ABD4249A0FE700AFCAA3 /* UILabel+PKExtensions.swift in Sources */ = {isa = PBXBuildFile; fileRef = 3E35ABBE249A0FE700AFCAA3 /* UILabel+PKExtensions.swift */; };
		3E35ABD5249A0FE700AFCAA3 /* String+PKExtensions.swift in Sources */ = {isa = PBXBuildFile; fileRef = 3E35ABBF249A0FE700AFCAA3 /* String+PKExtensions.swift */; };
		3E35ABD6249A0FE700AFCAA3 /* UIScreen+PKExtensions.swift in Sources */ = {isa = PBXBuildFile; fileRef = 3E35ABC0249A0FE700AFCAA3 /* UIScreen+PKExtensions.swift */; };
		3E35ABD7249A0FE700AFCAA3 /* UIControl+PKExtensions.swift in Sources */ = {isa = PBXBuildFile; fileRef = 3E35ABC1249A0FE700AFCAA3 /* UIControl+PKExtensions.swift */; };
		3E35ABD8249A0FE700AFCAA3 /* UIApplication+PKExtensions.swift in Sources */ = {isa = PBXBuildFile; fileRef = 3E35ABC2249A0FE700AFCAA3 /* UIApplication+PKExtensions.swift */; };
		3E35ABD9249A0FE700AFCAA3 /* CALayer+PKExtensions.swift in Sources */ = {isa = PBXBuildFile; fileRef = 3E35ABC3249A0FE700AFCAA3 /* CALayer+PKExtensions.swift */; };
		3E35ABDA249A0FE700AFCAA3 /* Array+PKExtensions.swift in Sources */ = {isa = PBXBuildFile; fileRef = 3E35ABC4249A0FE700AFCAA3 /* Array+PKExtensions.swift */; };
		3E35ABDB249A0FE700AFCAA3 /* UIGestureRecognizer+PKExtensions.swift in Sources */ = {isa = PBXBuildFile; fileRef = 3E35ABC5249A0FE700AFCAA3 /* UIGestureRecognizer+PKExtensions.swift */; };
		3E35ABDC249A0FE700AFCAA3 /* UIImage+PKExtensions.swift in Sources */ = {isa = PBXBuildFile; fileRef = 3E35ABC6249A0FE700AFCAA3 /* UIImage+PKExtensions.swift */; };
		3E35ABDD249A0FE700AFCAA3 /* Double+PKExtensions.swift in Sources */ = {isa = PBXBuildFile; fileRef = 3E35ABC7249A0FE700AFCAA3 /* Double+PKExtensions.swift */; };
		3E35ABDE249A0FE700AFCAA3 /* UIDevice+PKExtensions.swift in Sources */ = {isa = PBXBuildFile; fileRef = 3E35ABC8249A0FE700AFCAA3 /* UIDevice+PKExtensions.swift */; };
		3E35ABDF249A0FE700AFCAA3 /* UIKit+PKOverride.swift in Sources */ = {isa = PBXBuildFile; fileRef = 3E35ABC9249A0FE700AFCAA3 /* UIKit+PKOverride.swift */; };
		3E35ABE1249A109300AFCAA3 /* UIBezierPath+PKExtensions.swift in Sources */ = {isa = PBXBuildFile; fileRef = 3E35ABE0249A109300AFCAA3 /* UIBezierPath+PKExtensions.swift */; };
		3E3C52C0249F3B580056C22E /* UINavigationBar+PKExtensions.swift in Sources */ = {isa = PBXBuildFile; fileRef = 3E3C52BF249F3B580056C22E /* UINavigationBar+PKExtensions.swift */; };
		3E3C52C2249F4DC80056C22E /* UITabBar+PKExtensions.swift in Sources */ = {isa = PBXBuildFile; fileRef = 3E3C52C1249F4DC80056C22E /* UITabBar+PKExtensions.swift */; };
		3E3C52C4249F9C6C0056C22E /* UIScrollView+PKExtensions.swift in Sources */ = {isa = PBXBuildFile; fileRef = 3E3C52C3249F9C6C0056C22E /* UIScrollView+PKExtensions.swift */; };
		3E3C52C6249F9C800056C22E /* UITableView+PKExtensions.swift in Sources */ = {isa = PBXBuildFile; fileRef = 3E3C52C5249F9C800056C22E /* UITableView+PKExtensions.swift */; };
		3E3C52C8249F9C8E0056C22E /* UICollectionView+PKExtensions.swift in Sources */ = {isa = PBXBuildFile; fileRef = 3E3C52C7249F9C8E0056C22E /* UICollectionView+PKExtensions.swift */; };
		3E3CD5B4249CBE8500F089A3 /* UIWindow+PKExtensions.swift in Sources */ = {isa = PBXBuildFile; fileRef = 3E3CD5B3249CBE8500F089A3 /* UIWindow+PKExtensions.swift */; };
		3E3CD5B6249CC71000F089A3 /* Dictionary+PKExtensions.swift in Sources */ = {isa = PBXBuildFile; fileRef = 3E3CD5B5249CC71000F089A3 /* Dictionary+PKExtensions.swift */; };
		3E3E69E224BB10F3001C7EC0 /* UIAlertController+PKExtensions.swift in Sources */ = {isa = PBXBuildFile; fileRef = 3E3E69E124BB10F3001C7EC0 /* UIAlertController+PKExtensions.swift */; };
		3EFF8E01243456E600185885 /* AppDelegate.swift in Sources */ = {isa = PBXBuildFile; fileRef = 3EFF8E00243456E600185885 /* AppDelegate.swift */; };
		3EFF8E03243456E600185885 /* SceneDelegate.swift in Sources */ = {isa = PBXBuildFile; fileRef = 3EFF8E02243456E600185885 /* SceneDelegate.swift */; };
		3EFF8E05243456E600185885 /* ViewController.swift in Sources */ = {isa = PBXBuildFile; fileRef = 3EFF8E04243456E600185885 /* ViewController.swift */; };
		3EFF8E08243456E600185885 /* Main.storyboard in Resources */ = {isa = PBXBuildFile; fileRef = 3EFF8E06243456E600185885 /* Main.storyboard */; };
		3EFF8E0A243456E700185885 /* Assets.xcassets in Resources */ = {isa = PBXBuildFile; fileRef = 3EFF8E09243456E700185885 /* Assets.xcassets */; };
		3EFF8E0D243456E700185885 /* LaunchScreen.storyboard in Resources */ = {isa = PBXBuildFile; fileRef = 3EFF8E0B243456E700185885 /* LaunchScreen.storyboard */; };
		3EFF8E18243456E700185885 /* PKExtensionsTests.swift in Sources */ = {isa = PBXBuildFile; fileRef = 3EFF8E17243456E700185885 /* PKExtensionsTests.swift */; };
		3EFF8E23243456E700185885 /* PKExtensionsUITests.swift in Sources */ = {isa = PBXBuildFile; fileRef = 3EFF8E22243456E700185885 /* PKExtensionsUITests.swift */; };
		618A0E4724BC2CF90043D0C2 /* UITextField+PKExtensions.swift in Sources */ = {isa = PBXBuildFile; fileRef = 618A0E4624BC2CF90043D0C2 /* UITextField+PKExtensions.swift */; };
		9DD62D09F7C7F37744156B93 /* libPods-PKExtensions.a in Frameworks */ = {isa = PBXBuildFile; fileRef = CB0796A6807E65ADB20C51F2 /* libPods-PKExtensions.a */; };
/* End PBXBuildFile section */

/* Begin PBXContainerItemProxy section */
		3EFF8E14243456E700185885 /* PBXContainerItemProxy */ = {
			isa = PBXContainerItemProxy;
			containerPortal = 3EFF8DF5243456E600185885 /* Project object */;
			proxyType = 1;
			remoteGlobalIDString = 3EFF8DFC243456E600185885;
			remoteInfo = PKExtensions;
		};
		3EFF8E1F243456E700185885 /* PBXContainerItemProxy */ = {
			isa = PBXContainerItemProxy;
			containerPortal = 3EFF8DF5243456E600185885 /* Project object */;
			proxyType = 1;
			remoteGlobalIDString = 3EFF8DFC243456E600185885;
			remoteInfo = PKExtensions;
		};
/* End PBXContainerItemProxy section */

/* Begin PBXFileReference section */
		3DEA706357ED8CFFB02F3A4C /* Pods-PKExtensions.release.xcconfig */ = {isa = PBXFileReference; includeInIndex = 1; lastKnownFileType = text.xcconfig; name = "Pods-PKExtensions.release.xcconfig"; path = "Target Support Files/Pods-PKExtensions/Pods-PKExtensions.release.xcconfig"; sourceTree = "<group>"; };
		3E28239C24ADBE2E0056502E /* DispatchQueue+PKExtensions.swift */ = {isa = PBXFileReference; lastKnownFileType = sourcecode.swift; path = "DispatchQueue+PKExtensions.swift"; sourceTree = "<group>"; };
		3E2A476D24A1A4120021F184 /* NextViewController.swift */ = {isa = PBXFileReference; lastKnownFileType = sourcecode.swift; path = NextViewController.swift; sourceTree = "<group>"; };
		3E2A476F24A1E3B70021F184 /* UIView+PKToast.swift */ = {isa = PBXFileReference; lastKnownFileType = sourcecode.swift; path = "UIView+PKToast.swift"; sourceTree = "<group>"; };
		3E2C028124AC0E8900237859 /* MojitoButton.swift */ = {isa = PBXFileReference; lastKnownFileType = sourcecode.swift; path = MojitoButton.swift; sourceTree = "<group>"; };
		3E35ABB4249A0FE700AFCAA3 /* UIColor+PKExtensions.swift */ = {isa = PBXFileReference; fileEncoding = 4; lastKnownFileType = sourcecode.swift; path = "UIColor+PKExtensions.swift"; sourceTree = "<group>"; };
		3E35ABB5249A0FE700AFCAA3 /* NSAttributedString+PKExtensionsl.swift */ = {isa = PBXFileReference; fileEncoding = 4; lastKnownFileType = sourcecode.swift; path = "NSAttributedString+PKExtensionsl.swift"; sourceTree = "<group>"; };
		3E35ABB6249A0FE700AFCAA3 /* UIButton+PKExtensions.swift */ = {isa = PBXFileReference; fileEncoding = 4; lastKnownFileType = sourcecode.swift; path = "UIButton+PKExtensions.swift"; sourceTree = "<group>"; };
		3E35ABB7249A0FE700AFCAA3 /* Date+PKExtensions.swift */ = {isa = PBXFileReference; fileEncoding = 4; lastKnownFileType = sourcecode.swift; path = "Date+PKExtensions.swift"; sourceTree = "<group>"; };
		3E35ABB8249A0FE700AFCAA3 /* CGGeometry+PKExtensions.swift */ = {isa = PBXFileReference; fileEncoding = 4; lastKnownFileType = sourcecode.swift; path = "CGGeometry+PKExtensions.swift"; sourceTree = "<group>"; };
		3E35ABB9249A0FE700AFCAA3 /* UIView+PKExtensions.swift */ = {isa = PBXFileReference; fileEncoding = 4; lastKnownFileType = sourcecode.swift; path = "UIView+PKExtensions.swift"; sourceTree = "<group>"; };
		3E35ABBA249A0FE700AFCAA3 /* UIFont+PKExtensions.swift */ = {isa = PBXFileReference; fileEncoding = 4; lastKnownFileType = sourcecode.swift; path = "UIFont+PKExtensions.swift"; sourceTree = "<group>"; };
		3E35ABBB249A0FE700AFCAA3 /* UIViewController+PKExtensions.swift */ = {isa = PBXFileReference; fileEncoding = 4; lastKnownFileType = sourcecode.swift; path = "UIViewController+PKExtensions.swift"; sourceTree = "<group>"; };
		3E35ABBC249A0FE700AFCAA3 /* UIBarButtonItem+PKExtensions.swift */ = {isa = PBXFileReference; fileEncoding = 4; lastKnownFileType = sourcecode.swift; path = "UIBarButtonItem+PKExtensions.swift"; sourceTree = "<group>"; };
		3E35ABBD249A0FE700AFCAA3 /* Timer+PKExtensions.swift */ = {isa = PBXFileReference; fileEncoding = 4; lastKnownFileType = sourcecode.swift; path = "Timer+PKExtensions.swift"; sourceTree = "<group>"; };
		3E35ABBE249A0FE700AFCAA3 /* UILabel+PKExtensions.swift */ = {isa = PBXFileReference; fileEncoding = 4; lastKnownFileType = sourcecode.swift; path = "UILabel+PKExtensions.swift"; sourceTree = "<group>"; };
		3E35ABBF249A0FE700AFCAA3 /* String+PKExtensions.swift */ = {isa = PBXFileReference; fileEncoding = 4; lastKnownFileType = sourcecode.swift; path = "String+PKExtensions.swift"; sourceTree = "<group>"; };
		3E35ABC0249A0FE700AFCAA3 /* UIScreen+PKExtensions.swift */ = {isa = PBXFileReference; fileEncoding = 4; lastKnownFileType = sourcecode.swift; path = "UIScreen+PKExtensions.swift"; sourceTree = "<group>"; };
		3E35ABC1249A0FE700AFCAA3 /* UIControl+PKExtensions.swift */ = {isa = PBXFileReference; fileEncoding = 4; lastKnownFileType = sourcecode.swift; path = "UIControl+PKExtensions.swift"; sourceTree = "<group>"; };
		3E35ABC2249A0FE700AFCAA3 /* UIApplication+PKExtensions.swift */ = {isa = PBXFileReference; fileEncoding = 4; lastKnownFileType = sourcecode.swift; path = "UIApplication+PKExtensions.swift"; sourceTree = "<group>"; };
		3E35ABC3249A0FE700AFCAA3 /* CALayer+PKExtensions.swift */ = {isa = PBXFileReference; fileEncoding = 4; lastKnownFileType = sourcecode.swift; path = "CALayer+PKExtensions.swift"; sourceTree = "<group>"; };
		3E35ABC4249A0FE700AFCAA3 /* Array+PKExtensions.swift */ = {isa = PBXFileReference; fileEncoding = 4; lastKnownFileType = sourcecode.swift; path = "Array+PKExtensions.swift"; sourceTree = "<group>"; };
		3E35ABC5249A0FE700AFCAA3 /* UIGestureRecognizer+PKExtensions.swift */ = {isa = PBXFileReference; fileEncoding = 4; lastKnownFileType = sourcecode.swift; path = "UIGestureRecognizer+PKExtensions.swift"; sourceTree = "<group>"; };
		3E35ABC6249A0FE700AFCAA3 /* UIImage+PKExtensions.swift */ = {isa = PBXFileReference; fileEncoding = 4; lastKnownFileType = sourcecode.swift; path = "UIImage+PKExtensions.swift"; sourceTree = "<group>"; };
		3E35ABC7249A0FE700AFCAA3 /* Double+PKExtensions.swift */ = {isa = PBXFileReference; fileEncoding = 4; lastKnownFileType = sourcecode.swift; path = "Double+PKExtensions.swift"; sourceTree = "<group>"; };
		3E35ABC8249A0FE700AFCAA3 /* UIDevice+PKExtensions.swift */ = {isa = PBXFileReference; fileEncoding = 4; lastKnownFileType = sourcecode.swift; path = "UIDevice+PKExtensions.swift"; sourceTree = "<group>"; };
		3E35ABC9249A0FE700AFCAA3 /* UIKit+PKOverride.swift */ = {isa = PBXFileReference; fileEncoding = 4; lastKnownFileType = sourcecode.swift; path = "UIKit+PKOverride.swift"; sourceTree = "<group>"; };
		3E35ABE0249A109300AFCAA3 /* UIBezierPath+PKExtensions.swift */ = {isa = PBXFileReference; lastKnownFileType = sourcecode.swift; path = "UIBezierPath+PKExtensions.swift"; sourceTree = "<group>"; };
		3E3C52BF249F3B580056C22E /* UINavigationBar+PKExtensions.swift */ = {isa = PBXFileReference; lastKnownFileType = sourcecode.swift; path = "UINavigationBar+PKExtensions.swift"; sourceTree = "<group>"; };
		3E3C52C1249F4DC80056C22E /* UITabBar+PKExtensions.swift */ = {isa = PBXFileReference; lastKnownFileType = sourcecode.swift; path = "UITabBar+PKExtensions.swift"; sourceTree = "<group>"; };
		3E3C52C3249F9C6C0056C22E /* UIScrollView+PKExtensions.swift */ = {isa = PBXFileReference; lastKnownFileType = sourcecode.swift; path = "UIScrollView+PKExtensions.swift"; sourceTree = "<group>"; };
		3E3C52C5249F9C800056C22E /* UITableView+PKExtensions.swift */ = {isa = PBXFileReference; lastKnownFileType = sourcecode.swift; path = "UITableView+PKExtensions.swift"; sourceTree = "<group>"; };
		3E3C52C7249F9C8E0056C22E /* UICollectionView+PKExtensions.swift */ = {isa = PBXFileReference; lastKnownFileType = sourcecode.swift; path = "UICollectionView+PKExtensions.swift"; sourceTree = "<group>"; };
		3E3CD5B3249CBE8500F089A3 /* UIWindow+PKExtensions.swift */ = {isa = PBXFileReference; lastKnownFileType = sourcecode.swift; path = "UIWindow+PKExtensions.swift"; sourceTree = "<group>"; };
		3E3CD5B5249CC71000F089A3 /* Dictionary+PKExtensions.swift */ = {isa = PBXFileReference; lastKnownFileType = sourcecode.swift; path = "Dictionary+PKExtensions.swift"; sourceTree = "<group>"; };
		3E3E69E124BB10F3001C7EC0 /* UIAlertController+PKExtensions.swift */ = {isa = PBXFileReference; lastKnownFileType = sourcecode.swift; path = "UIAlertController+PKExtensions.swift"; sourceTree = "<group>"; };
		3EFF8DFD243456E600185885 /* PKExtensions.app */ = {isa = PBXFileReference; explicitFileType = wrapper.application; includeInIndex = 0; path = PKExtensions.app; sourceTree = BUILT_PRODUCTS_DIR; };
		3EFF8E00243456E600185885 /* AppDelegate.swift */ = {isa = PBXFileReference; lastKnownFileType = sourcecode.swift; path = AppDelegate.swift; sourceTree = "<group>"; };
		3EFF8E02243456E600185885 /* SceneDelegate.swift */ = {isa = PBXFileReference; lastKnownFileType = sourcecode.swift; path = SceneDelegate.swift; sourceTree = "<group>"; };
		3EFF8E04243456E600185885 /* ViewController.swift */ = {isa = PBXFileReference; lastKnownFileType = sourcecode.swift; path = ViewController.swift; sourceTree = "<group>"; };
		3EFF8E07243456E600185885 /* Base */ = {isa = PBXFileReference; lastKnownFileType = file.storyboard; name = Base; path = Base.lproj/Main.storyboard; sourceTree = "<group>"; };
		3EFF8E09243456E700185885 /* Assets.xcassets */ = {isa = PBXFileReference; lastKnownFileType = folder.assetcatalog; path = Assets.xcassets; sourceTree = "<group>"; };
		3EFF8E0C243456E700185885 /* Base */ = {isa = PBXFileReference; lastKnownFileType = file.storyboard; name = Base; path = Base.lproj/LaunchScreen.storyboard; sourceTree = "<group>"; };
		3EFF8E0E243456E700185885 /* Info.plist */ = {isa = PBXFileReference; lastKnownFileType = text.plist.xml; path = Info.plist; sourceTree = "<group>"; };
		3EFF8E13243456E700185885 /* PKExtensionsTests.xctest */ = {isa = PBXFileReference; explicitFileType = wrapper.cfbundle; includeInIndex = 0; path = PKExtensionsTests.xctest; sourceTree = BUILT_PRODUCTS_DIR; };
		3EFF8E17243456E700185885 /* PKExtensionsTests.swift */ = {isa = PBXFileReference; lastKnownFileType = sourcecode.swift; path = PKExtensionsTests.swift; sourceTree = "<group>"; };
		3EFF8E19243456E700185885 /* Info.plist */ = {isa = PBXFileReference; lastKnownFileType = text.plist.xml; path = Info.plist; sourceTree = "<group>"; };
		3EFF8E1E243456E700185885 /* PKExtensionsUITests.xctest */ = {isa = PBXFileReference; explicitFileType = wrapper.cfbundle; includeInIndex = 0; path = PKExtensionsUITests.xctest; sourceTree = BUILT_PRODUCTS_DIR; };
		3EFF8E22243456E700185885 /* PKExtensionsUITests.swift */ = {isa = PBXFileReference; lastKnownFileType = sourcecode.swift; path = PKExtensionsUITests.swift; sourceTree = "<group>"; };
		3EFF8E24243456E700185885 /* Info.plist */ = {isa = PBXFileReference; lastKnownFileType = text.plist.xml; path = Info.plist; sourceTree = "<group>"; };
		618A0E4624BC2CF90043D0C2 /* UITextField+PKExtensions.swift */ = {isa = PBXFileReference; lastKnownFileType = sourcecode.swift; path = "UITextField+PKExtensions.swift"; sourceTree = "<group>"; };
		C3371F4683AD7C35C8B0013A /* Pods-PKExtensions.debug.xcconfig */ = {isa = PBXFileReference; includeInIndex = 1; lastKnownFileType = text.xcconfig; name = "Pods-PKExtensions.debug.xcconfig"; path = "Target Support Files/Pods-PKExtensions/Pods-PKExtensions.debug.xcconfig"; sourceTree = "<group>"; };
		CB0796A6807E65ADB20C51F2 /* libPods-PKExtensions.a */ = {isa = PBXFileReference; explicitFileType = archive.ar; includeInIndex = 0; path = "libPods-PKExtensions.a"; sourceTree = BUILT_PRODUCTS_DIR; };
/* End PBXFileReference section */

/* Begin PBXFrameworksBuildPhase section */
		3EFF8DFA243456E600185885 /* Frameworks */ = {
			isa = PBXFrameworksBuildPhase;
			buildActionMask = 2147483647;
			files = (
				9DD62D09F7C7F37744156B93 /* libPods-PKExtensions.a in Frameworks */,
			);
			runOnlyForDeploymentPostprocessing = 0;
		};
		3EFF8E10243456E700185885 /* Frameworks */ = {
			isa = PBXFrameworksBuildPhase;
			buildActionMask = 2147483647;
			files = (
			);
			runOnlyForDeploymentPostprocessing = 0;
		};
		3EFF8E1B243456E700185885 /* Frameworks */ = {
			isa = PBXFrameworksBuildPhase;
			buildActionMask = 2147483647;
			files = (
			);
			runOnlyForDeploymentPostprocessing = 0;
		};
/* End PBXFrameworksBuildPhase section */

/* Begin PBXGroup section */
		3E35ABB2249A0FE700AFCAA3 /* Source */ = {
			isa = PBXGroup;
			children = (
				3E35ABB3249A0FE700AFCAA3 /* Classes */,
			);
			path = Source;
			sourceTree = SOURCE_ROOT;
		};
		3E35ABB3249A0FE700AFCAA3 /* Classes */ = {
			isa = PBXGroup;
			children = (
				3E35ABC4249A0FE700AFCAA3 /* Array+PKExtensions.swift */,
				3E35ABC3249A0FE700AFCAA3 /* CALayer+PKExtensions.swift */,
				3E35ABB8249A0FE700AFCAA3 /* CGGeometry+PKExtensions.swift */,
				3E35ABB7249A0FE700AFCAA3 /* Date+PKExtensions.swift */,
				3E3CD5B5249CC71000F089A3 /* Dictionary+PKExtensions.swift */,
				3E28239C24ADBE2E0056502E /* DispatchQueue+PKExtensions.swift */,
				3E35ABC7249A0FE700AFCAA3 /* Double+PKExtensions.swift */,
				3E35ABB5249A0FE700AFCAA3 /* NSAttributedString+PKExtensionsl.swift */,
				3E35ABBF249A0FE700AFCAA3 /* String+PKExtensions.swift */,
				3E35ABBD249A0FE700AFCAA3 /* Timer+PKExtensions.swift */,
				3E3E69E124BB10F3001C7EC0 /* UIAlertController+PKExtensions.swift */,
				3E35ABC2249A0FE700AFCAA3 /* UIApplication+PKExtensions.swift */,
				3E35ABBC249A0FE700AFCAA3 /* UIBarButtonItem+PKExtensions.swift */,
				3E35ABE0249A109300AFCAA3 /* UIBezierPath+PKExtensions.swift */,
				3E35ABB6249A0FE700AFCAA3 /* UIButton+PKExtensions.swift */,
				3E3C52C7249F9C8E0056C22E /* UICollectionView+PKExtensions.swift */,
				3E35ABB4249A0FE700AFCAA3 /* UIColor+PKExtensions.swift */,
				3E35ABC1249A0FE700AFCAA3 /* UIControl+PKExtensions.swift */,
				3E35ABC8249A0FE700AFCAA3 /* UIDevice+PKExtensions.swift */,
				3E35ABBA249A0FE700AFCAA3 /* UIFont+PKExtensions.swift */,
				3E35ABC5249A0FE700AFCAA3 /* UIGestureRecognizer+PKExtensions.swift */,
				3E35ABC6249A0FE700AFCAA3 /* UIImage+PKExtensions.swift */,
				3E35ABC9249A0FE700AFCAA3 /* UIKit+PKOverride.swift */,
				3E35ABBE249A0FE700AFCAA3 /* UILabel+PKExtensions.swift */,
				3E3C52BF249F3B580056C22E /* UINavigationBar+PKExtensions.swift */,
				3E35ABC0249A0FE700AFCAA3 /* UIScreen+PKExtensions.swift */,
				3E3C52C3249F9C6C0056C22E /* UIScrollView+PKExtensions.swift */,
				3E3C52C1249F4DC80056C22E /* UITabBar+PKExtensions.swift */,
				3E3C52C5249F9C800056C22E /* UITableView+PKExtensions.swift */,
				618A0E4624BC2CF90043D0C2 /* UITextField+PKExtensions.swift */,
				3E35ABB9249A0FE700AFCAA3 /* UIView+PKExtensions.swift */,
				3E2A476F24A1E3B70021F184 /* UIView+PKToast.swift */,
				3E35ABBB249A0FE700AFCAA3 /* UIViewController+PKExtensions.swift */,
				3E3CD5B3249CBE8500F089A3 /* UIWindow+PKExtensions.swift */,
			);
			path = Classes;
			sourceTree = "<group>";
		};
		3EFF8DF4243456E600185885 = {
			isa = PBXGroup;
			children = (
				3EFF8DFF243456E600185885 /* PKExtensions */,
				3EFF8E16243456E700185885 /* PKExtensionsTests */,
				3EFF8E21243456E700185885 /* PKExtensionsUITests */,
				3EFF8DFE243456E600185885 /* Products */,
				639323554137BDA03A00325D /* Pods */,
				CB01F0E471981CD193FBB230 /* Frameworks */,
			);
			sourceTree = "<group>";
		};
		3EFF8DFE243456E600185885 /* Products */ = {
			isa = PBXGroup;
			children = (
				3EFF8DFD243456E600185885 /* PKExtensions.app */,
				3EFF8E13243456E700185885 /* PKExtensionsTests.xctest */,
				3EFF8E1E243456E700185885 /* PKExtensionsUITests.xctest */,
			);
			name = Products;
			sourceTree = "<group>";
		};
		3EFF8DFF243456E600185885 /* PKExtensions */ = {
			isa = PBXGroup;
			children = (
				3E35ABB2249A0FE700AFCAA3 /* Source */,
				3EFF8E00243456E600185885 /* AppDelegate.swift */,
				3EFF8E02243456E600185885 /* SceneDelegate.swift */,
				3EFF8E04243456E600185885 /* ViewController.swift */,
				3E2A476D24A1A4120021F184 /* NextViewController.swift */,
				3E2C028124AC0E8900237859 /* MojitoButton.swift */,
				3EFF8E06243456E600185885 /* Main.storyboard */,
				3EFF8E09243456E700185885 /* Assets.xcassets */,
				3EFF8E0B243456E700185885 /* LaunchScreen.storyboard */,
				3EFF8E0E243456E700185885 /* Info.plist */,
			);
			path = PKExtensions;
			sourceTree = "<group>";
		};
		3EFF8E16243456E700185885 /* PKExtensionsTests */ = {
			isa = PBXGroup;
			children = (
				3EFF8E17243456E700185885 /* PKExtensionsTests.swift */,
				3EFF8E19243456E700185885 /* Info.plist */,
			);
			path = PKExtensionsTests;
			sourceTree = "<group>";
		};
		3EFF8E21243456E700185885 /* PKExtensionsUITests */ = {
			isa = PBXGroup;
			children = (
				3EFF8E22243456E700185885 /* PKExtensionsUITests.swift */,
				3EFF8E24243456E700185885 /* Info.plist */,
			);
			path = PKExtensionsUITests;
			sourceTree = "<group>";
		};
		639323554137BDA03A00325D /* Pods */ = {
			isa = PBXGroup;
			children = (
				C3371F4683AD7C35C8B0013A /* Pods-PKExtensions.debug.xcconfig */,
				3DEA706357ED8CFFB02F3A4C /* Pods-PKExtensions.release.xcconfig */,
			);
			path = Pods;
			sourceTree = "<group>";
		};
		CB01F0E471981CD193FBB230 /* Frameworks */ = {
			isa = PBXGroup;
			children = (
				CB0796A6807E65ADB20C51F2 /* libPods-PKExtensions.a */,
			);
			name = Frameworks;
			sourceTree = "<group>";
		};
/* End PBXGroup section */

/* Begin PBXNativeTarget section */
		3EFF8DFC243456E600185885 /* PKExtensions */ = {
			isa = PBXNativeTarget;
			buildConfigurationList = 3EFF8E27243456E700185885 /* Build configuration list for PBXNativeTarget "PKExtensions" */;
			buildPhases = (
				E1E6641DBC1ECB45309FD9D1 /* [CP] Check Pods Manifest.lock */,
				3EFF8DF9243456E600185885 /* Sources */,
				3EFF8DFA243456E600185885 /* Frameworks */,
				3EFF8DFB243456E600185885 /* Resources */,
			);
			buildRules = (
			);
			dependencies = (
			);
			name = PKExtensions;
			productName = PKExtensions;
			productReference = 3EFF8DFD243456E600185885 /* PKExtensions.app */;
			productType = "com.apple.product-type.application";
		};
		3EFF8E12243456E700185885 /* PKExtensionsTests */ = {
			isa = PBXNativeTarget;
			buildConfigurationList = 3EFF8E2A243456E700185885 /* Build configuration list for PBXNativeTarget "PKExtensionsTests" */;
			buildPhases = (
				3EFF8E0F243456E700185885 /* Sources */,
				3EFF8E10243456E700185885 /* Frameworks */,
				3EFF8E11243456E700185885 /* Resources */,
			);
			buildRules = (
			);
			dependencies = (
				3EFF8E15243456E700185885 /* PBXTargetDependency */,
			);
			name = PKExtensionsTests;
			productName = PKExtensionsTests;
			productReference = 3EFF8E13243456E700185885 /* PKExtensionsTests.xctest */;
			productType = "com.apple.product-type.bundle.unit-test";
		};
		3EFF8E1D243456E700185885 /* PKExtensionsUITests */ = {
			isa = PBXNativeTarget;
			buildConfigurationList = 3EFF8E2D243456E700185885 /* Build configuration list for PBXNativeTarget "PKExtensionsUITests" */;
			buildPhases = (
				3EFF8E1A243456E700185885 /* Sources */,
				3EFF8E1B243456E700185885 /* Frameworks */,
				3EFF8E1C243456E700185885 /* Resources */,
			);
			buildRules = (
			);
			dependencies = (
				3EFF8E20243456E700185885 /* PBXTargetDependency */,
			);
			name = PKExtensionsUITests;
			productName = PKExtensionsUITests;
			productReference = 3EFF8E1E243456E700185885 /* PKExtensionsUITests.xctest */;
			productType = "com.apple.product-type.bundle.ui-testing";
		};
/* End PBXNativeTarget section */

/* Begin PBXProject section */
		3EFF8DF5243456E600185885 /* Project object */ = {
			isa = PBXProject;
			attributes = {
				LastSwiftUpdateCheck = 1120;
				LastUpgradeCheck = 1120;
				ORGANIZATIONNAME = "Pink Koala";
				TargetAttributes = {
					3EFF8DFC243456E600185885 = {
						CreatedOnToolsVersion = 11.2.1;
					};
					3EFF8E12243456E700185885 = {
						CreatedOnToolsVersion = 11.2.1;
						TestTargetID = 3EFF8DFC243456E600185885;
					};
					3EFF8E1D243456E700185885 = {
						CreatedOnToolsVersion = 11.2.1;
						TestTargetID = 3EFF8DFC243456E600185885;
					};
				};
			};
			buildConfigurationList = 3EFF8DF8243456E600185885 /* Build configuration list for PBXProject "PKExtensions" */;
			compatibilityVersion = "Xcode 9.3";
			developmentRegion = en;
			hasScannedForEncodings = 0;
			knownRegions = (
				en,
				Base,
			);
			mainGroup = 3EFF8DF4243456E600185885;
			productRefGroup = 3EFF8DFE243456E600185885 /* Products */;
			projectDirPath = "";
			projectRoot = "";
			targets = (
				3EFF8DFC243456E600185885 /* PKExtensions */,
				3EFF8E12243456E700185885 /* PKExtensionsTests */,
				3EFF8E1D243456E700185885 /* PKExtensionsUITests */,
			);
		};
/* End PBXProject section */

/* Begin PBXResourcesBuildPhase section */
		3EFF8DFB243456E600185885 /* Resources */ = {
			isa = PBXResourcesBuildPhase;
			buildActionMask = 2147483647;
			files = (
				3EFF8E0D243456E700185885 /* LaunchScreen.storyboard in Resources */,
				3EFF8E0A243456E700185885 /* Assets.xcassets in Resources */,
				3EFF8E08243456E600185885 /* Main.storyboard in Resources */,
			);
			runOnlyForDeploymentPostprocessing = 0;
		};
		3EFF8E11243456E700185885 /* Resources */ = {
			isa = PBXResourcesBuildPhase;
			buildActionMask = 2147483647;
			files = (
			);
			runOnlyForDeploymentPostprocessing = 0;
		};
		3EFF8E1C243456E700185885 /* Resources */ = {
			isa = PBXResourcesBuildPhase;
			buildActionMask = 2147483647;
			files = (
			);
			runOnlyForDeploymentPostprocessing = 0;
		};
/* End PBXResourcesBuildPhase section */

/* Begin PBXShellScriptBuildPhase section */
		E1E6641DBC1ECB45309FD9D1 /* [CP] Check Pods Manifest.lock */ = {
			isa = PBXShellScriptBuildPhase;
			buildActionMask = 2147483647;
			files = (
			);
			inputFileListPaths = (
			);
			inputPaths = (
				"${PODS_PODFILE_DIR_PATH}/Podfile.lock",
				"${PODS_ROOT}/Manifest.lock",
			);
			name = "[CP] Check Pods Manifest.lock";
			outputFileListPaths = (
			);
			outputPaths = (
				"$(DERIVED_FILE_DIR)/Pods-PKExtensions-checkManifestLockResult.txt",
			);
			runOnlyForDeploymentPostprocessing = 0;
			shellPath = /bin/sh;
			shellScript = "diff \"${PODS_PODFILE_DIR_PATH}/Podfile.lock\" \"${PODS_ROOT}/Manifest.lock\" > /dev/null\nif [ $? != 0 ] ; then\n    # print error to STDERR\n    echo \"error: The sandbox is not in sync with the Podfile.lock. Run 'pod install' or update your CocoaPods installation.\" >&2\n    exit 1\nfi\n# This output is used by Xcode 'outputs' to avoid re-running this script phase.\necho \"SUCCESS\" > \"${SCRIPT_OUTPUT_FILE_0}\"\n";
			showEnvVarsInLog = 0;
		};
/* End PBXShellScriptBuildPhase section */

/* Begin PBXSourcesBuildPhase section */
		3EFF8DF9243456E600185885 /* Sources */ = {
			isa = PBXSourcesBuildPhase;
			buildActionMask = 2147483647;
			files = (
				3E35ABCB249A0FE700AFCAA3 /* NSAttributedString+PKExtensionsl.swift in Sources */,
				3E35ABD2249A0FE700AFCAA3 /* UIBarButtonItem+PKExtensions.swift in Sources */,
				3E35ABD9249A0FE700AFCAA3 /* CALayer+PKExtensions.swift in Sources */,
				3E35ABD8249A0FE700AFCAA3 /* UIApplication+PKExtensions.swift in Sources */,
				3E35ABDA249A0FE700AFCAA3 /* Array+PKExtensions.swift in Sources */,
				3E35ABD7249A0FE700AFCAA3 /* UIControl+PKExtensions.swift in Sources */,
				3E3C52C2249F4DC80056C22E /* UITabBar+PKExtensions.swift in Sources */,
				3E35ABD3249A0FE700AFCAA3 /* Timer+PKExtensions.swift in Sources */,
				3E35ABD4249A0FE700AFCAA3 /* UILabel+PKExtensions.swift in Sources */,
				3E3CD5B6249CC71000F089A3 /* Dictionary+PKExtensions.swift in Sources */,
				3E3C52C8249F9C8E0056C22E /* UICollectionView+PKExtensions.swift in Sources */,
				3E35ABDF249A0FE700AFCAA3 /* UIKit+PKOverride.swift in Sources */,
				3E35ABDD249A0FE700AFCAA3 /* Double+PKExtensions.swift in Sources */,
				3E35ABDC249A0FE700AFCAA3 /* UIImage+PKExtensions.swift in Sources */,
				3E35ABDE249A0FE700AFCAA3 /* UIDevice+PKExtensions.swift in Sources */,
				3E3C52C4249F9C6C0056C22E /* UIScrollView+PKExtensions.swift in Sources */,
				3E3CD5B4249CBE8500F089A3 /* UIWindow+PKExtensions.swift in Sources */,
				3E2A476E24A1A4120021F184 /* NextViewController.swift in Sources */,
				3E3C52C6249F9C800056C22E /* UITableView+PKExtensions.swift in Sources */,
				3E2C028224AC0E8900237859 /* MojitoButton.swift in Sources */,
				3E35ABD1249A0FE700AFCAA3 /* UIViewController+PKExtensions.swift in Sources */,
				3E3C52C0249F3B580056C22E /* UINavigationBar+PKExtensions.swift in Sources */,
				3E35ABD0249A0FE700AFCAA3 /* UIFont+PKExtensions.swift in Sources */,
				3E35ABCF249A0FE700AFCAA3 /* UIView+PKExtensions.swift in Sources */,
				3E35ABCA249A0FE700AFCAA3 /* UIColor+PKExtensions.swift in Sources */,
				3E35ABE1249A109300AFCAA3 /* UIBezierPath+PKExtensions.swift in Sources */,
				3E35ABCD249A0FE700AFCAA3 /* Date+PKExtensions.swift in Sources */,
				3E35ABDB249A0FE700AFCAA3 /* UIGestureRecognizer+PKExtensions.swift in Sources */,
				3E35ABCC249A0FE700AFCAA3 /* UIButton+PKExtensions.swift in Sources */,
				3E35ABD6249A0FE700AFCAA3 /* UIScreen+PKExtensions.swift in Sources */,
				3E35ABCE249A0FE700AFCAA3 /* CGGeometry+PKExtensions.swift in Sources */,
				3E3E69E224BB10F3001C7EC0 /* UIAlertController+PKExtensions.swift in Sources */,
				3EFF8E05243456E600185885 /* ViewController.swift in Sources */,
				3EFF8E01243456E600185885 /* AppDelegate.swift in Sources */,
				3EFF8E03243456E600185885 /* SceneDelegate.swift in Sources */,
				3E35ABD5249A0FE700AFCAA3 /* String+PKExtensions.swift in Sources */,
				618A0E4724BC2CF90043D0C2 /* UITextField+PKExtensions.swift in Sources */,
				3E28239D24ADBE2E0056502E /* DispatchQueue+PKExtensions.swift in Sources */,
				3E2A477024A1E3B70021F184 /* UIView+PKToast.swift in Sources */,
			);
			runOnlyForDeploymentPostprocessing = 0;
		};
		3EFF8E0F243456E700185885 /* Sources */ = {
			isa = PBXSourcesBuildPhase;
			buildActionMask = 2147483647;
			files = (
				3EFF8E18243456E700185885 /* PKExtensionsTests.swift in Sources */,
			);
			runOnlyForDeploymentPostprocessing = 0;
		};
		3EFF8E1A243456E700185885 /* Sources */ = {
			isa = PBXSourcesBuildPhase;
			buildActionMask = 2147483647;
			files = (
				3EFF8E23243456E700185885 /* PKExtensionsUITests.swift in Sources */,
			);
			runOnlyForDeploymentPostprocessing = 0;
		};
/* End PBXSourcesBuildPhase section */

/* Begin PBXTargetDependency section */
		3EFF8E15243456E700185885 /* PBXTargetDependency */ = {
			isa = PBXTargetDependency;
			target = 3EFF8DFC243456E600185885 /* PKExtensions */;
			targetProxy = 3EFF8E14243456E700185885 /* PBXContainerItemProxy */;
		};
		3EFF8E20243456E700185885 /* PBXTargetDependency */ = {
			isa = PBXTargetDependency;
			target = 3EFF8DFC243456E600185885 /* PKExtensions */;
			targetProxy = 3EFF8E1F243456E700185885 /* PBXContainerItemProxy */;
		};
/* End PBXTargetDependency section */

/* Begin PBXVariantGroup section */
		3EFF8E06243456E600185885 /* Main.storyboard */ = {
			isa = PBXVariantGroup;
			children = (
				3EFF8E07243456E600185885 /* Base */,
			);
			name = Main.storyboard;
			sourceTree = "<group>";
		};
		3EFF8E0B243456E700185885 /* LaunchScreen.storyboard */ = {
			isa = PBXVariantGroup;
			children = (
				3EFF8E0C243456E700185885 /* Base */,
			);
			name = LaunchScreen.storyboard;
			sourceTree = "<group>";
		};
/* End PBXVariantGroup section */

/* Begin XCBuildConfiguration section */
		3EFF8E25243456E700185885 /* Debug */ = {
			isa = XCBuildConfiguration;
			buildSettings = {
				ALWAYS_SEARCH_USER_PATHS = NO;
				CLANG_ANALYZER_NONNULL = YES;
				CLANG_ANALYZER_NUMBER_OBJECT_CONVERSION = YES_AGGRESSIVE;
				CLANG_CXX_LANGUAGE_STANDARD = "gnu++14";
				CLANG_CXX_LIBRARY = "libc++";
				CLANG_ENABLE_MODULES = YES;
				CLANG_ENABLE_OBJC_ARC = YES;
				CLANG_ENABLE_OBJC_WEAK = YES;
				CLANG_WARN_BLOCK_CAPTURE_AUTORELEASING = YES;
				CLANG_WARN_BOOL_CONVERSION = YES;
				CLANG_WARN_COMMA = YES;
				CLANG_WARN_CONSTANT_CONVERSION = YES;
				CLANG_WARN_DEPRECATED_OBJC_IMPLEMENTATIONS = YES;
				CLANG_WARN_DIRECT_OBJC_ISA_USAGE = YES_ERROR;
				CLANG_WARN_DOCUMENTATION_COMMENTS = YES;
				CLANG_WARN_EMPTY_BODY = YES;
				CLANG_WARN_ENUM_CONVERSION = YES;
				CLANG_WARN_INFINITE_RECURSION = YES;
				CLANG_WARN_INT_CONVERSION = YES;
				CLANG_WARN_NON_LITERAL_NULL_CONVERSION = YES;
				CLANG_WARN_OBJC_IMPLICIT_RETAIN_SELF = YES;
				CLANG_WARN_OBJC_LITERAL_CONVERSION = YES;
				CLANG_WARN_OBJC_ROOT_CLASS = YES_ERROR;
				CLANG_WARN_RANGE_LOOP_ANALYSIS = YES;
				CLANG_WARN_STRICT_PROTOTYPES = YES;
				CLANG_WARN_SUSPICIOUS_MOVE = YES;
				CLANG_WARN_UNGUARDED_AVAILABILITY = YES_AGGRESSIVE;
				CLANG_WARN_UNREACHABLE_CODE = YES;
				CLANG_WARN__DUPLICATE_METHOD_MATCH = YES;
				COPY_PHASE_STRIP = NO;
				DEBUG_INFORMATION_FORMAT = dwarf;
				ENABLE_STRICT_OBJC_MSGSEND = YES;
				ENABLE_TESTABILITY = YES;
				GCC_C_LANGUAGE_STANDARD = gnu11;
				GCC_DYNAMIC_NO_PIC = NO;
				GCC_NO_COMMON_BLOCKS = YES;
				GCC_OPTIMIZATION_LEVEL = 0;
				GCC_PREPROCESSOR_DEFINITIONS = (
					"DEBUG=1",
					"$(inherited)",
				);
				GCC_WARN_64_TO_32_BIT_CONVERSION = YES;
				GCC_WARN_ABOUT_RETURN_TYPE = YES_ERROR;
				GCC_WARN_UNDECLARED_SELECTOR = YES;
				GCC_WARN_UNINITIALIZED_AUTOS = YES_AGGRESSIVE;
				GCC_WARN_UNUSED_FUNCTION = YES;
				GCC_WARN_UNUSED_VARIABLE = YES;
				IPHONEOS_DEPLOYMENT_TARGET = 10.0;
				MTL_ENABLE_DEBUG_INFO = INCLUDE_SOURCE;
				MTL_FAST_MATH = YES;
				ONLY_ACTIVE_ARCH = YES;
				SDKROOT = iphoneos;
				SWIFT_ACTIVE_COMPILATION_CONDITIONS = DEBUG;
				SWIFT_OPTIMIZATION_LEVEL = "-Onone";
			};
			name = Debug;
		};
		3EFF8E26243456E700185885 /* Release */ = {
			isa = XCBuildConfiguration;
			buildSettings = {
				ALWAYS_SEARCH_USER_PATHS = NO;
				CLANG_ANALYZER_NONNULL = YES;
				CLANG_ANALYZER_NUMBER_OBJECT_CONVERSION = YES_AGGRESSIVE;
				CLANG_CXX_LANGUAGE_STANDARD = "gnu++14";
				CLANG_CXX_LIBRARY = "libc++";
				CLANG_ENABLE_MODULES = YES;
				CLANG_ENABLE_OBJC_ARC = YES;
				CLANG_ENABLE_OBJC_WEAK = YES;
				CLANG_WARN_BLOCK_CAPTURE_AUTORELEASING = YES;
				CLANG_WARN_BOOL_CONVERSION = YES;
				CLANG_WARN_COMMA = YES;
				CLANG_WARN_CONSTANT_CONVERSION = YES;
				CLANG_WARN_DEPRECATED_OBJC_IMPLEMENTATIONS = YES;
				CLANG_WARN_DIRECT_OBJC_ISA_USAGE = YES_ERROR;
				CLANG_WARN_DOCUMENTATION_COMMENTS = YES;
				CLANG_WARN_EMPTY_BODY = YES;
				CLANG_WARN_ENUM_CONVERSION = YES;
				CLANG_WARN_INFINITE_RECURSION = YES;
				CLANG_WARN_INT_CONVERSION = YES;
				CLANG_WARN_NON_LITERAL_NULL_CONVERSION = YES;
				CLANG_WARN_OBJC_IMPLICIT_RETAIN_SELF = YES;
				CLANG_WARN_OBJC_LITERAL_CONVERSION = YES;
				CLANG_WARN_OBJC_ROOT_CLASS = YES_ERROR;
				CLANG_WARN_RANGE_LOOP_ANALYSIS = YES;
				CLANG_WARN_STRICT_PROTOTYPES = YES;
				CLANG_WARN_SUSPICIOUS_MOVE = YES;
				CLANG_WARN_UNGUARDED_AVAILABILITY = YES_AGGRESSIVE;
				CLANG_WARN_UNREACHABLE_CODE = YES;
				CLANG_WARN__DUPLICATE_METHOD_MATCH = YES;
				COPY_PHASE_STRIP = NO;
				DEBUG_INFORMATION_FORMAT = "dwarf-with-dsym";
				ENABLE_NS_ASSERTIONS = NO;
				ENABLE_STRICT_OBJC_MSGSEND = YES;
				GCC_C_LANGUAGE_STANDARD = gnu11;
				GCC_NO_COMMON_BLOCKS = YES;
				GCC_WARN_64_TO_32_BIT_CONVERSION = YES;
				GCC_WARN_ABOUT_RETURN_TYPE = YES_ERROR;
				GCC_WARN_UNDECLARED_SELECTOR = YES;
				GCC_WARN_UNINITIALIZED_AUTOS = YES_AGGRESSIVE;
				GCC_WARN_UNUSED_FUNCTION = YES;
				GCC_WARN_UNUSED_VARIABLE = YES;
				IPHONEOS_DEPLOYMENT_TARGET = 10.0;
				MTL_ENABLE_DEBUG_INFO = NO;
				MTL_FAST_MATH = YES;
				SDKROOT = iphoneos;
				SWIFT_COMPILATION_MODE = wholemodule;
				SWIFT_OPTIMIZATION_LEVEL = "-O";
				VALIDATE_PRODUCT = YES;
			};
			name = Release;
		};
		3EFF8E28243456E700185885 /* Debug */ = {
			isa = XCBuildConfiguration;
			baseConfigurationReference = C3371F4683AD7C35C8B0013A /* Pods-PKExtensions.debug.xcconfig */;
			buildSettings = {
				ASSETCATALOG_COMPILER_APPICON_NAME = AppIcon;
				CODE_SIGN_STYLE = Automatic;
				DEVELOPMENT_TEAM = VT73DARZRD;
				INFOPLIST_FILE = PKExtensions/Info.plist;
				LD_RUNPATH_SEARCH_PATHS = (
					"$(inherited)",
					"@executable_path/Frameworks",
				);
				PRODUCT_BUNDLE_IDENTIFIER = "Pink-Koala.PKExtensions";
				PRODUCT_NAME = "$(TARGET_NAME)";
				SWIFT_VERSION = 5.0;
				TARGETED_DEVICE_FAMILY = "1,2";
			};
			name = Debug;
		};
		3EFF8E29243456E700185885 /* Release */ = {
			isa = XCBuildConfiguration;
			baseConfigurationReference = 3DEA706357ED8CFFB02F3A4C /* Pods-PKExtensions.release.xcconfig */;
			buildSettings = {
				ASSETCATALOG_COMPILER_APPICON_NAME = AppIcon;
				CODE_SIGN_STYLE = Automatic;
				DEVELOPMENT_TEAM = VT73DARZRD;
				INFOPLIST_FILE = PKExtensions/Info.plist;
				LD_RUNPATH_SEARCH_PATHS = (
					"$(inherited)",
					"@executable_path/Frameworks",
				);
				PRODUCT_BUNDLE_IDENTIFIER = "Pink-Koala.PKExtensions";
				PRODUCT_NAME = "$(TARGET_NAME)";
				SWIFT_VERSION = 5.0;
				TARGETED_DEVICE_FAMILY = "1,2";
			};
			name = Release;
		};
		3EFF8E2B243456E700185885 /* Debug */ = {
			isa = XCBuildConfiguration;
			buildSettings = {
				ALWAYS_EMBED_SWIFT_STANDARD_LIBRARIES = YES;
				BUNDLE_LOADER = "$(TEST_HOST)";
				CODE_SIGN_STYLE = Automatic;
				DEVELOPMENT_TEAM = VT73DARZRD;
				INFOPLIST_FILE = PKExtensionsTests/Info.plist;
				IPHONEOS_DEPLOYMENT_TARGET = 13.2;
				LD_RUNPATH_SEARCH_PATHS = (
					"$(inherited)",
					"@executable_path/Frameworks",
					"@loader_path/Frameworks",
				);
				PRODUCT_BUNDLE_IDENTIFIER = "Pink-Koala.PKExtensionsTests";
				PRODUCT_NAME = "$(TARGET_NAME)";
				SWIFT_VERSION = 5.0;
				TARGETED_DEVICE_FAMILY = "1,2";
				TEST_HOST = "$(BUILT_PRODUCTS_DIR)/PKExtensions.app/PKExtensions";
			};
			name = Debug;
		};
		3EFF8E2C243456E700185885 /* Release */ = {
			isa = XCBuildConfiguration;
			buildSettings = {
				ALWAYS_EMBED_SWIFT_STANDARD_LIBRARIES = YES;
				BUNDLE_LOADER = "$(TEST_HOST)";
				CODE_SIGN_STYLE = Automatic;
				DEVELOPMENT_TEAM = VT73DARZRD;
				INFOPLIST_FILE = PKExtensionsTests/Info.plist;
				IPHONEOS_DEPLOYMENT_TARGET = 13.2;
				LD_RUNPATH_SEARCH_PATHS = (
					"$(inherited)",
					"@executable_path/Frameworks",
					"@loader_path/Frameworks",
				);
				PRODUCT_BUNDLE_IDENTIFIER = "Pink-Koala.PKExtensionsTests";
				PRODUCT_NAME = "$(TARGET_NAME)";
				SWIFT_VERSION = 5.0;
				TARGETED_DEVICE_FAMILY = "1,2";
				TEST_HOST = "$(BUILT_PRODUCTS_DIR)/PKExtensions.app/PKExtensions";
			};
			name = Release;
		};
		3EFF8E2E243456E700185885 /* Debug */ = {
			isa = XCBuildConfiguration;
			buildSettings = {
				ALWAYS_EMBED_SWIFT_STANDARD_LIBRARIES = YES;
				CODE_SIGN_STYLE = Automatic;
				DEVELOPMENT_TEAM = VT73DARZRD;
				INFOPLIST_FILE = PKExtensionsUITests/Info.plist;
				LD_RUNPATH_SEARCH_PATHS = (
					"$(inherited)",
					"@executable_path/Frameworks",
					"@loader_path/Frameworks",
				);
				PRODUCT_BUNDLE_IDENTIFIER = "Pink-Koala.PKExtensionsUITests";
				PRODUCT_NAME = "$(TARGET_NAME)";
				SWIFT_VERSION = 5.0;
				TARGETED_DEVICE_FAMILY = "1,2";
				TEST_TARGET_NAME = PKExtensions;
			};
			name = Debug;
		};
		3EFF8E2F243456E700185885 /* Release */ = {
			isa = XCBuildConfiguration;
			buildSettings = {
				ALWAYS_EMBED_SWIFT_STANDARD_LIBRARIES = YES;
				CODE_SIGN_STYLE = Automatic;
				DEVELOPMENT_TEAM = VT73DARZRD;
				INFOPLIST_FILE = PKExtensionsUITests/Info.plist;
				LD_RUNPATH_SEARCH_PATHS = (
					"$(inherited)",
					"@executable_path/Frameworks",
					"@loader_path/Frameworks",
				);
				PRODUCT_BUNDLE_IDENTIFIER = "Pink-Koala.PKExtensionsUITests";
				PRODUCT_NAME = "$(TARGET_NAME)";
				SWIFT_VERSION = 5.0;
				TARGETED_DEVICE_FAMILY = "1,2";
				TEST_TARGET_NAME = PKExtensions;
			};
			name = Release;
		};
/* End XCBuildConfiguration section */

/* Begin XCConfigurationList section */
		3EFF8DF8243456E600185885 /* Build configuration list for PBXProject "PKExtensions" */ = {
			isa = XCConfigurationList;
			buildConfigurations = (
				3EFF8E25243456E700185885 /* Debug */,
				3EFF8E26243456E700185885 /* Release */,
			);
			defaultConfigurationIsVisible = 0;
			defaultConfigurationName = Release;
		};
		3EFF8E27243456E700185885 /* Build configuration list for PBXNativeTarget "PKExtensions" */ = {
			isa = XCConfigurationList;
			buildConfigurations = (
				3EFF8E28243456E700185885 /* Debug */,
				3EFF8E29243456E700185885 /* Release */,
			);
			defaultConfigurationIsVisible = 0;
			defaultConfigurationName = Release;
		};
		3EFF8E2A243456E700185885 /* Build configuration list for PBXNativeTarget "PKExtensionsTests" */ = {
			isa = XCConfigurationList;
			buildConfigurations = (
				3EFF8E2B243456E700185885 /* Debug */,
				3EFF8E2C243456E700185885 /* Release */,
			);
			defaultConfigurationIsVisible = 0;
			defaultConfigurationName = Release;
		};
		3EFF8E2D243456E700185885 /* Build configuration list for PBXNativeTarget "PKExtensionsUITests" */ = {
			isa = XCConfigurationList;
			buildConfigurations = (
				3EFF8E2E243456E700185885 /* Debug */,
				3EFF8E2F243456E700185885 /* Release */,
			);
			defaultConfigurationIsVisible = 0;
			defaultConfigurationName = Release;
		};
/* End XCConfigurationList section */
	};
	rootObject = 3EFF8DF5243456E600185885 /* Project object */;
}
